
Microsoft Visual Studio Solution File, Format Version 12.00
# Visual Studio Version 17
VisualStudioVersion = 17.4.33213.308
MinimumVisualStudioVersion = 10.0.40219.1
Project("{FAE04EC0-301F-11D3-BF4B-00C04F79EFBC}") = "troca-de-imagem", "troca-de-imagem\troca-de-imagem.csproj", "{862E952B-FD8E-4FE8-BA13-B057BD3EC77C}"
EndProject
Global
	GlobalSection(SolutionConfigurationPlatforms) = preSolution
		Debug|Any CPU = Debug|Any CPU
		Release|Any CPU = Release|Any CPU
	EndGlobalSection
	GlobalSection(ProjectConfigurationPlatforms) = postSolution
		{862E952B-FD8E-4FE8-BA13-B057BD3EC77C}.Debug|Any CPU.ActiveCfg = Debug|Any CPU
		{862E952B-FD8E-4FE8-BA13-B057BD3EC77C}.Debug|Any CPU.Build.0 = Debug|Any CPU
		{862E952B-FD8E-4FE8-BA13-B057BD3EC77C}.Release|Any CPU.ActiveCfg = Release|Any CPU
		{862E952B-FD8E-4FE8-BA13-B057BD3EC77C}.Release|Any CPU.Build.0 = Release|Any CPU
	EndGlobalSection
	GlobalSection(SolutionProperties) = preSolution
		HideSolutionNode = FALSE
	EndGlobalSection
	GlobalSection(ExtensibilityGlobals) = postSolution
		SolutionGuid = {7C8CC635-83D3-44D2-BEC3-867C5B9B3E06}
	EndGlobalSection
EndGlobal
